
Microsoft Visual Studio Solution File, Format Version 12.00
# Visual Studio Version 17
VisualStudioVersion = 17.0.31903.59
MinimumVisualStudioVersion = 10.0.40219.1
Project("{2150E333-8FDC-42A3-9474-1A3956D46DE8}") = "src", "src", "{762E5C0A-DC44-4645-9FD9-873BEE1737A8}"
EndProject
Project("{9A19103F-16F7-4668-BE54-9A1E7A4F7556}") = "AuctionService", "src\AuctionService\AuctionService.csproj", "{73E9C97A-818E-4C43-9314-74C8BC42F8F5}"
EndProject
Project("{9A19103F-16F7-4668-BE54-9A1E7A4F7556}") = "SearchService", "src\searchService\SearchService.csproj", "{5DCD8B5E-462B-4CBA-86B3-A4D99F73CB31}"
EndProject
Project("{9A19103F-16F7-4668-BE54-9A1E7A4F7556}") = "Contracts", "src\Contracts\Contracts.csproj", "{63D8C17D-F0CA-4781-9814-3B54BF5BCE23}"
EndProject
Project("{9A19103F-16F7-4668-BE54-9A1E7A4F7556}") = "IdentityService", "src\IdentityService\IdentityService.csproj", "{04CB604D-1538-458A-968F-D17777E8CAC1}"
EndProject
Project("{FAE04EC0-301F-11D3-BF4B-00C04F79EFBC}") = "GatwayService", "src\gatwayService\GatwayService.csproj", "{84490C82-B745-4F25-B1F6-497250D98354}"
EndProject
Global
	GlobalSection(SolutionConfigurationPlatforms) = preSolution
		Debug|Any CPU = Debug|Any CPU
		Release|Any CPU = Release|Any CPU
	EndGlobalSection
	GlobalSection(ProjectConfigurationPlatforms) = postSolution
		{73E9C97A-818E-4C43-9314-74C8BC42F8F5}.Debug|Any CPU.ActiveCfg = Debug|Any CPU
		{73E9C97A-818E-4C43-9314-74C8BC42F8F5}.Debug|Any CPU.Build.0 = Debug|Any CPU
		{73E9C97A-818E-4C43-9314-74C8BC42F8F5}.Release|Any CPU.ActiveCfg = Release|Any CPU
		{73E9C97A-818E-4C43-9314-74C8BC42F8F5}.Release|Any CPU.Build.0 = Release|Any CPU
		{5DCD8B5E-462B-4CBA-86B3-A4D99F73CB31}.Debug|Any CPU.ActiveCfg = Debug|Any CPU
		{5DCD8B5E-462B-4CBA-86B3-A4D99F73CB31}.Debug|Any CPU.Build.0 = Debug|Any CPU
		{5DCD8B5E-462B-4CBA-86B3-A4D99F73CB31}.Release|Any CPU.ActiveCfg = Release|Any CPU
		{5DCD8B5E-462B-4CBA-86B3-A4D99F73CB31}.Release|Any CPU.Build.0 = Release|Any CPU
		{63D8C17D-F0CA-4781-9814-3B54BF5BCE23}.Debug|Any CPU.ActiveCfg = Debug|Any CPU
		{63D8C17D-F0CA-4781-9814-3B54BF5BCE23}.Debug|Any CPU.Build.0 = Debug|Any CPU
		{63D8C17D-F0CA-4781-9814-3B54BF5BCE23}.Release|Any CPU.ActiveCfg = Release|Any CPU
		{63D8C17D-F0CA-4781-9814-3B54BF5BCE23}.Release|Any CPU.Build.0 = Release|Any CPU
		{04CB604D-1538-458A-968F-D17777E8CAC1}.Debug|Any CPU.ActiveCfg = Debug|Any CPU
		{04CB604D-1538-458A-968F-D17777E8CAC1}.Debug|Any CPU.Build.0 = Debug|Any CPU
		{04CB604D-1538-458A-968F-D17777E8CAC1}.Release|Any CPU.ActiveCfg = Release|Any CPU
		{04CB604D-1538-458A-968F-D17777E8CAC1}.Release|Any CPU.Build.0 = Release|Any CPU
		{84490C82-B745-4F25-B1F6-497250D98354}.Debug|Any CPU.ActiveCfg = Debug|Any CPU
		{84490C82-B745-4F25-B1F6-497250D98354}.Debug|Any CPU.Build.0 = Debug|Any CPU
		{84490C82-B745-4F25-B1F6-497250D98354}.Release|Any CPU.ActiveCfg = Release|Any CPU
		{84490C82-B745-4F25-B1F6-497250D98354}.Release|Any CPU.Build.0 = Release|Any CPU
	EndGlobalSection
	GlobalSection(SolutionProperties) = preSolution
		HideSolutionNode = FALSE
	EndGlobalSection
	GlobalSection(NestedProjects) = preSolution
		{73E9C97A-818E-4C43-9314-74C8BC42F8F5} = {762E5C0A-DC44-4645-9FD9-873BEE1737A8}
		{5DCD8B5E-462B-4CBA-86B3-A4D99F73CB31} = {762E5C0A-DC44-4645-9FD9-873BEE1737A8}
		{63D8C17D-F0CA-4781-9814-3B54BF5BCE23} = {762E5C0A-DC44-4645-9FD9-873BEE1737A8}
		{04CB604D-1538-458A-968F-D17777E8CAC1} = {762E5C0A-DC44-4645-9FD9-873BEE1737A8}
		{84490C82-B745-4F25-B1F6-497250D98354} = {762E5C0A-DC44-4645-9FD9-873BEE1737A8}
	EndGlobalSection
	GlobalSection(ExtensibilityGlobals) = postSolution
		SolutionGuid = {5C54618B-FC11-403F-8291-05A1F0A1F93F}
	EndGlobalSection
EndGlobal
