
Microsoft Visual Studio Solution File, Format Version 12.00
# Visual Studio Version 17
VisualStudioVersion = 17.5.002.0
MinimumVisualStudioVersion = 10.0.40219.1
Project("{9A19103F-16F7-4668-BE54-9A1E7A4F7556}") = "AuctionService", "AuctionService.csproj", "{DF87B921-498F-49C4-8BBD-1BDC66E5686F}"
EndProject
Global
	GlobalSection(SolutionConfigurationPlatforms) = preSolution
		Debug|Any CPU = Debug|Any CPU
		Release|Any CPU = Release|Any CPU
	EndGlobalSection
	GlobalSection(ProjectConfigurationPlatforms) = postSolution
		{DF87B921-498F-49C4-8BBD-1BDC66E5686F}.Debug|Any CPU.ActiveCfg = Debug|Any CPU
		{DF87B921-498F-49C4-8BBD-1BDC66E5686F}.Debug|Any CPU.Build.0 = Debug|Any CPU
		{DF87B921-498F-49C4-8BBD-1BDC66E5686F}.Release|Any CPU.ActiveCfg = Release|Any CPU
		{DF87B921-498F-49C4-8BBD-1BDC66E5686F}.Release|Any CPU.Build.0 = Release|Any CPU
	EndGlobalSection
	GlobalSection(SolutionProperties) = preSolution
		HideSolutionNode = FALSE
	EndGlobalSection
	GlobalSection(ExtensibilityGlobals) = postSolution
		SolutionGuid = {81708A85-20F2-4541-BA14-0629F1D6B9C7}
	EndGlobalSection
EndGlobal
